{
  "version": 4,
  "terraform_version": "0.15.3",
  "serial": 10,
  "lineage": "eb413c1e-1614-c466-ba5d-ed3e388c9f7f",
  "outputs": {
    "head_node_ip_addr": {
      "value": "35.185.197.73",
      "type": "string"
    }
  },
  "resources": [
    {
      "mode": "managed",
      "type": "google_compute_instance",
      "name": "gce_nodes",
      "provider": "provider[\"registry.terraform.io/hashicorp/google\"]",
      "instances": [
        {
          "index_key": 0,
          "schema_version": 6,
          "attributes": {
            "allow_stopping_for_update": true,
            "attached_disk": [],
            "boot_disk": [
              {
                "auto_delete": true,
                "device_name": "persistent-disk-0",
                "disk_encryption_key_raw": "",
                "disk_encryption_key_sha256": "",
                "initialize_params": [
                  {
                    "image": "https://www.googleapis.com/compute/v1/projects/hpc-apps/global/images/gromacs-gcp-dev",
                    "labels": {},
                    "size": 20,
                    "type": "pd-standard"
                  }
                ],
                "kms_key_self_link": "",
                "mode": "READ_WRITE",
                "source": "https://www.googleapis.com/compute/v1/projects/hpc-apps/zones/us-west1-b/disks/gromacs-0"
              }
            ],
            "can_ip_forward": false,
            "confidential_instance_config": [],
            "cpu_platform": "Intel Broadwell",
            "current_status": "RUNNING",
            "deletion_protection": false,
            "description": "",
            "desired_status": null,
            "enable_display": false,
            "guest_accelerator": [
              {
                "count": 1,
                "type": "https://www.googleapis.com/compute/beta/projects/hpc-apps/zones/us-west1-b/acceleratorTypes/nvidia-tesla-v100"
              }
            ],
            "hostname": "",
            "id": "projects/hpc-apps/zones/us-west1-b/instances/gromacs-0",
            "instance_id": "1065176026018642169",
            "label_fingerprint": "4KPxE_vWf_s=",
            "labels": {
              "hpc-app": "gromacs"
            },
            "machine_type": "n1-standard-8",
            "metadata": {
              "enable-oslogin": "TRUE",
              "name_prefix": "gromacs",
              "node_count": "1"
            },
            "metadata_fingerprint": "5D8uCCyvrzg=",
            "metadata_startup_script": "#!/bin/bash\n\n\n",
            "min_cpu_platform": "",
            "name": "gromacs-0",
            "network_interface": [
              {
                "access_config": [
                  {
                    "nat_ip": "35.185.197.73",
                    "network_tier": "PREMIUM",
                    "public_ptr_domain_name": ""
                  }
                ],
                "alias_ip_range": [],
                "name": "nic0",
                "network": "https://www.googleapis.com/compute/v1/projects/hpc-apps/global/networks/default",
                "network_ip": "10.138.0.3",
                "nic_type": "",
                "subnetwork": "https://www.googleapis.com/compute/v1/projects/hpc-apps/regions/us-west1/subnetworks/default",
                "subnetwork_project": "hpc-apps"
              }
            ],
            "project": "hpc-apps",
            "resource_policies": null,
            "scheduling": [
              {
                "automatic_restart": true,
                "min_node_cpus": 0,
                "node_affinities": [],
                "on_host_maintenance": "TERMINATE",
                "preemptible": false
              }
            ],
            "scratch_disk": [],
            "self_link": "https://www.googleapis.com/compute/v1/projects/hpc-apps/zones/us-west1-b/instances/gromacs-0",
            "service_account": [
              {
                "email": "gromacs@hpc-apps.iam.gserviceaccount.com",
                "scopes": [
                  "https://www.googleapis.com/auth/cloud-platform"
                ]
              }
            ],
            "shielded_instance_config": [
              {
                "enable_integrity_monitoring": true,
                "enable_secure_boot": false,
                "enable_vtpm": true
              }
            ],
            "tags": null,
            "tags_fingerprint": "42WmSpB8rSM=",
            "timeouts": null,
            "zone": "us-west1-b"
          },
          "sensitive_attributes": [],
          "private": "eyJlMmJmYjczMC1lY2FhLTExZTYtOGY4OC0zNDM2M2JjN2M0YzAiOnsiY3JlYXRlIjoxMjAwMDAwMDAwMDAwLCJkZWxldGUiOjEyMDAwMDAwMDAwMDAsInVwZGF0ZSI6MTIwMDAwMDAwMDAwMH0sInNjaGVtYV92ZXJzaW9uIjoiNiJ9",
          "dependencies": [
            "google_service_account.gce_service_account"
          ]
        }
      ]
    },
    {
      "mode": "managed",
      "type": "google_service_account",
      "name": "gce_service_account",
      "provider": "provider[\"registry.terraform.io/hashicorp/google\"]",
      "instances": [
        {
          "schema_version": 0,
          "attributes": {
            "account_id": "gromacs",
            "description": "",
            "display_name": "GROMACS Service account",
            "email": "gromacs@hpc-apps.iam.gserviceaccount.com",
            "id": "projects/hpc-apps/serviceAccounts/gromacs@hpc-apps.iam.gserviceaccount.com",
            "name": "projects/hpc-apps/serviceAccounts/gromacs@hpc-apps.iam.gserviceaccount.com",
            "project": "hpc-apps",
            "timeouts": null,
            "unique_id": "105607749955740700914"
          },
          "sensitive_attributes": [],
          "private": "eyJlMmJmYjczMC1lY2FhLTExZTYtOGY4OC0zNDM2M2JjN2M0YzAiOnsiY3JlYXRlIjozMDAwMDAwMDAwMDB9fQ=="
        }
      ]
    }
  ]
}
